
Microsoft Visual Studio Solution File, Format Version 12.00
# Visual Studio Version 17
VisualStudioVersion = 17.9.34607.119
MinimumVisualStudioVersion = 10.0.40219.1
Project("{9A19103F-16F7-4668-BE54-9A1E7A4F7556}") = "ShipManagementAPI", "ShipManagementAPI.csproj", "{C6AD89C5-0EAE-42E3-9FC2-06D5142473E5}"
EndProject
Project("{2150E333-8FDC-42A3-9474-1A3956D46DE8}") = "Domain", "Domain", "{4C94C3AE-F105-4CA5-93B2-85EA8B1329B5}"
EndProject
Project("{2150E333-8FDC-42A3-9474-1A3956D46DE8}") = "Application", "Application", "{1A82E9DF-970F-4758-B7B7-42173A7CDA67}"
EndProject
Project("{2150E333-8FDC-42A3-9474-1A3956D46DE8}") = "Infrastructure", "Infrastructure", "{6818A290-747F-4C64-8680-325EE8A2D94C}"
EndProject
Project("{2150E333-8FDC-42A3-9474-1A3956D46DE8}") = "WebAPI", "WebAPI", "{A438279C-617E-42CB-9373-18B5B264BC6E}"
EndProject
Project("{2150E333-8FDC-42A3-9474-1A3956D46DE8}") = "src", "src", "{1DE1EBE7-27C3-4CFA-A9A0-405A761733B1}"
EndProject
Project("{9A19103F-16F7-4668-BE54-9A1E7A4F7556}") = "Domain", "..\Domain\Domain.csproj", "{50736B1B-1836-4AE6-9AED-44C0E76F832F}"
EndProject
Project("{2150E333-8FDC-42A3-9474-1A3956D46DE8}") = "Core", "Core", "{AD30721A-38F3-4D22-BE5E-E836DA6903C4}"
EndProject
Project("{9A19103F-16F7-4668-BE54-9A1E7A4F7556}") = "Application", "..\Application\Application.csproj", "{53ADE71C-C69B-41DE-98A7-30F82C4A05CE}"
EndProject
Project("{9A19103F-16F7-4668-BE54-9A1E7A4F7556}") = "Infrastructure", "..\Infrastructure\Infrastructure.csproj", "{4E981085-5D02-4898-A2E3-F7D8BD06240B}"
EndProject
Project("{2150E333-8FDC-42A3-9474-1A3956D46DE8}") = "tests", "tests", "{962D771B-0190-4E88-A53C-8EA19694B82C}"
EndProject
Project("{FAE04EC0-301F-11D3-BF4B-00C04F79EFBC}") = "Application.Tests", "..\Application.Tests\Application.Tests.csproj", "{BD745DF5-F47E-45D8-AC28-3CEFEE84236F}"
EndProject
Global
	GlobalSection(SolutionConfigurationPlatforms) = preSolution
		Debug|Any CPU = Debug|Any CPU
		Release|Any CPU = Release|Any CPU
	EndGlobalSection
	GlobalSection(ProjectConfigurationPlatforms) = postSolution
		{C6AD89C5-0EAE-42E3-9FC2-06D5142473E5}.Debug|Any CPU.ActiveCfg = Debug|Any CPU
		{C6AD89C5-0EAE-42E3-9FC2-06D5142473E5}.Debug|Any CPU.Build.0 = Debug|Any CPU
		{C6AD89C5-0EAE-42E3-9FC2-06D5142473E5}.Release|Any CPU.ActiveCfg = Release|Any CPU
		{C6AD89C5-0EAE-42E3-9FC2-06D5142473E5}.Release|Any CPU.Build.0 = Release|Any CPU
		{50736B1B-1836-4AE6-9AED-44C0E76F832F}.Debug|Any CPU.ActiveCfg = Debug|Any CPU
		{50736B1B-1836-4AE6-9AED-44C0E76F832F}.Debug|Any CPU.Build.0 = Debug|Any CPU
		{50736B1B-1836-4AE6-9AED-44C0E76F832F}.Release|Any CPU.ActiveCfg = Release|Any CPU
		{50736B1B-1836-4AE6-9AED-44C0E76F832F}.Release|Any CPU.Build.0 = Release|Any CPU
		{53ADE71C-C69B-41DE-98A7-30F82C4A05CE}.Debug|Any CPU.ActiveCfg = Debug|Any CPU
		{53ADE71C-C69B-41DE-98A7-30F82C4A05CE}.Debug|Any CPU.Build.0 = Debug|Any CPU
		{53ADE71C-C69B-41DE-98A7-30F82C4A05CE}.Release|Any CPU.ActiveCfg = Release|Any CPU
		{53ADE71C-C69B-41DE-98A7-30F82C4A05CE}.Release|Any CPU.Build.0 = Release|Any CPU
		{4E981085-5D02-4898-A2E3-F7D8BD06240B}.Debug|Any CPU.ActiveCfg = Debug|Any CPU
		{4E981085-5D02-4898-A2E3-F7D8BD06240B}.Debug|Any CPU.Build.0 = Debug|Any CPU
		{4E981085-5D02-4898-A2E3-F7D8BD06240B}.Release|Any CPU.ActiveCfg = Release|Any CPU
		{4E981085-5D02-4898-A2E3-F7D8BD06240B}.Release|Any CPU.Build.0 = Release|Any CPU
		{BD745DF5-F47E-45D8-AC28-3CEFEE84236F}.Debug|Any CPU.ActiveCfg = Debug|Any CPU
		{BD745DF5-F47E-45D8-AC28-3CEFEE84236F}.Debug|Any CPU.Build.0 = Debug|Any CPU
		{BD745DF5-F47E-45D8-AC28-3CEFEE84236F}.Release|Any CPU.ActiveCfg = Release|Any CPU
		{BD745DF5-F47E-45D8-AC28-3CEFEE84236F}.Release|Any CPU.Build.0 = Release|Any CPU
	EndGlobalSection
	GlobalSection(SolutionProperties) = preSolution
		HideSolutionNode = FALSE
	EndGlobalSection
	GlobalSection(NestedProjects) = preSolution
		{C6AD89C5-0EAE-42E3-9FC2-06D5142473E5} = {A438279C-617E-42CB-9373-18B5B264BC6E}
		{4C94C3AE-F105-4CA5-93B2-85EA8B1329B5} = {AD30721A-38F3-4D22-BE5E-E836DA6903C4}
		{1A82E9DF-970F-4758-B7B7-42173A7CDA67} = {AD30721A-38F3-4D22-BE5E-E836DA6903C4}
		{6818A290-747F-4C64-8680-325EE8A2D94C} = {1DE1EBE7-27C3-4CFA-A9A0-405A761733B1}
		{A438279C-617E-42CB-9373-18B5B264BC6E} = {1DE1EBE7-27C3-4CFA-A9A0-405A761733B1}
		{50736B1B-1836-4AE6-9AED-44C0E76F832F} = {4C94C3AE-F105-4CA5-93B2-85EA8B1329B5}
		{AD30721A-38F3-4D22-BE5E-E836DA6903C4} = {1DE1EBE7-27C3-4CFA-A9A0-405A761733B1}
		{53ADE71C-C69B-41DE-98A7-30F82C4A05CE} = {1A82E9DF-970F-4758-B7B7-42173A7CDA67}
		{4E981085-5D02-4898-A2E3-F7D8BD06240B} = {6818A290-747F-4C64-8680-325EE8A2D94C}
		{BD745DF5-F47E-45D8-AC28-3CEFEE84236F} = {962D771B-0190-4E88-A53C-8EA19694B82C}
	EndGlobalSection
	GlobalSection(ExtensibilityGlobals) = postSolution
		SolutionGuid = {CA68A29D-F5C9-46DE-90E9-3702B91C5AA5}
	EndGlobalSection
EndGlobal
